
Microsoft Visual Studio Solution File, Format Version 12.00
# Visual Studio Version 17
VisualStudioVersion = 17.8.34330.188
MinimumVisualStudioVersion = 10.0.40219.1
Project("{FAE04EC0-301F-11D3-BF4B-00C04F79EFBC}") = "CyberSecurity-new", "CyberSecurity-new\CyberSecurity-new.csproj", "{34DC82EF-0B50-41E9-B96E-FB1CD994730A}"
EndProject
Global
	GlobalSection(SolutionConfigurationPlatforms) = preSolution
		Debug|Any CPU = Debug|Any CPU
		Release|Any CPU = Release|Any CPU
	EndGlobalSection
	GlobalSection(ProjectConfigurationPlatforms) = postSolution
		{34DC82EF-0B50-41E9-B96E-FB1CD994730A}.Debug|Any CPU.ActiveCfg = Debug|Any CPU
		{34DC82EF-0B50-41E9-B96E-FB1CD994730A}.Debug|Any CPU.Build.0 = Debug|Any CPU
		{34DC82EF-0B50-41E9-B96E-FB1CD994730A}.Release|Any CPU.ActiveCfg = Release|Any CPU
		{34DC82EF-0B50-41E9-B96E-FB1CD994730A}.Release|Any CPU.Build.0 = Release|Any CPU
	EndGlobalSection
	GlobalSection(SolutionProperties) = preSolution
		HideSolutionNode = FALSE
	EndGlobalSection
	GlobalSection(ExtensibilityGlobals) = postSolution
		SolutionGuid = {BDD63D7C-3BBF-4FB6-A147-B6DACCCE0215}
	EndGlobalSection
EndGlobal
